
Microsoft Visual Studio Solution File, Format Version 12.00
# Visual Studio Version 17
VisualStudioVersion = 17.2.32505.173
MinimumVisualStudioVersion = 10.0.40219.1
Project("{9A19103F-16F7-4668-BE54-9A1E7A4F7556}") = "WebAPIOrnek", "WebAPIOrnek\WebAPIOrnek.csproj", "{9DD0F30F-4FCE-4ABA-AB14-4B101A1E1780}"
EndProject
Project("{2150E333-8FDC-42A3-9474-1A3956D46DE8}") = "NewFolder1", "NewFolder1", "{1319BDE1-87B3-499C-A147-E88DBF72364F}"
EndProject
Global
	GlobalSection(SolutionConfigurationPlatforms) = preSolution
		Debug|Any CPU = Debug|Any CPU
		Release|Any CPU = Release|Any CPU
	EndGlobalSection
	GlobalSection(ProjectConfigurationPlatforms) = postSolution
		{9DD0F30F-4FCE-4ABA-AB14-4B101A1E1780}.Debug|Any CPU.ActiveCfg = Debug|Any CPU
		{9DD0F30F-4FCE-4ABA-AB14-4B101A1E1780}.Debug|Any CPU.Build.0 = Debug|Any CPU
		{9DD0F30F-4FCE-4ABA-AB14-4B101A1E1780}.Release|Any CPU.ActiveCfg = Release|Any CPU
		{9DD0F30F-4FCE-4ABA-AB14-4B101A1E1780}.Release|Any CPU.Build.0 = Release|Any CPU
	EndGlobalSection
	GlobalSection(SolutionProperties) = preSolution
		HideSolutionNode = FALSE
	EndGlobalSection
	GlobalSection(ExtensibilityGlobals) = postSolution
		SolutionGuid = {341C8859-1081-44FC-BC2F-E6C4A6A5F537}
	EndGlobalSection
EndGlobal
